
Microsoft Visual Studio Solution File, Format Version 12.00
# Visual Studio Version 16
VisualStudioVersion = 16.0.32106.194
MinimumVisualStudioVersion = 10.0.40219.1
Project("{FAE04EC0-301F-11D3-BF4B-00C04F79EFBC}") = "LoggingDataLayerWEBAPI", "LoggingDataLayerWEBAPI\LoggingDataLayerWEBAPI.csproj", "{B7F172B7-ACA4-41B6-88F1-4C779873A639}"
EndProject
Global
	GlobalSection(SolutionConfigurationPlatforms) = preSolution
		Debug|Any CPU = Debug|Any CPU
		Release|Any CPU = Release|Any CPU
	EndGlobalSection
	GlobalSection(ProjectConfigurationPlatforms) = postSolution
		{B7F172B7-ACA4-41B6-88F1-4C779873A639}.Debug|Any CPU.ActiveCfg = Debug|Any CPU
		{B7F172B7-ACA4-41B6-88F1-4C779873A639}.Debug|Any CPU.Build.0 = Debug|Any CPU
		{B7F172B7-ACA4-41B6-88F1-4C779873A639}.Release|Any CPU.ActiveCfg = Release|Any CPU
		{B7F172B7-ACA4-41B6-88F1-4C779873A639}.Release|Any CPU.Build.0 = Release|Any CPU
	EndGlobalSection
	GlobalSection(SolutionProperties) = preSolution
		HideSolutionNode = FALSE
	EndGlobalSection
	GlobalSection(ExtensibilityGlobals) = postSolution
		SolutionGuid = {3E0197A7-2EB7-454D-AF2C-2CA468362903}
	EndGlobalSection
EndGlobal
